{
  "name": "pkg-template",
  "lockfileVersion": 2,
  "requires": true,
  "packages": {
    "": {
      "name": "pkg-template",
      "license": "ISC",
      "dependencies": {
        "corejs": "^1.0.0"
      }
    },
    "node_modules/corejs": {
      "version": "1.0.0",
      "resolved": "https://registry.npmjs.org/corejs/-/corejs-1.0.0.tgz",
      "integrity": "sha512-jUeyZwPm8qENqBFQi9tXr3FsUWBx+hi4HF5gZij5fynw9TtQOSEX0pip1kas5sBLValsRWAQssjiwEIAAkXWdQ=="
    }
  },
  "dependencies": {
    "corejs": {
      "version": "1.0.0",
      "resolved": "https://registry.npmjs.org/corejs/-/corejs-1.0.0.tgz",
      "integrity": "sha512-jUeyZwPm8qENqBFQi9tXr3FsUWBx+hi4HF5gZij5fynw9TtQOSEX0pip1kas5sBLValsRWAQssjiwEIAAkXWdQ=="
    }
  }
}
